
Microsoft Visual Studio Solution File, Format Version 12.00
# Visual Studio Version 17
VisualStudioVersion = 17.2.32519.379
MinimumVisualStudioVersion = 10.0.40219.1
Project("{2150E333-8FDC-42A3-9474-1A3956D46DE8}") = "01-Domain", "01-Domain", "{679EDD07-7C06-4038-A56A-3C7394BEFACF}"
EndProject
Project("{2150E333-8FDC-42A3-9474-1A3956D46DE8}") = "02-Infrastructure", "02-Infrastructure", "{BBBDF23A-32EF-45B6-AB9E-BE711EC48465}"
EndProject
Project("{2150E333-8FDC-42A3-9474-1A3956D46DE8}") = "03-Business", "03-Business", "{B76046C7-63C6-4CCA-B5D6-CC0870166CE8}"
EndProject
Project("{2150E333-8FDC-42A3-9474-1A3956D46DE8}") = "04-Presentation", "04-Presentation", "{8299D052-C7F7-46C9-85BC-E58791864740}"
EndProject
Project("{9A19103F-16F7-4668-BE54-9A1E7A4F7556}") = "MyPortfolio.Services", "MyPortfolio.Services\MyPortfolio.Services.csproj", "{B8993C41-0A1F-4708-A6E4-E92787929D79}"
EndProject
Project("{9A19103F-16F7-4668-BE54-9A1E7A4F7556}") = "MyPortfolio.Connectors", "MyPortfolio.Connectors\MyPortfolio.Connectors.csproj", "{B36F8FB4-789F-4A31-8B86-7668B32E29E1}"
EndProject
Project("{9A19103F-16F7-4668-BE54-9A1E7A4F7556}") = "MyPortfolio.Repositories", "MyPortfolio.Repositories\MyPortfolio.Repositories.csproj", "{7362C19C-429C-4A7A-B9FA-DC383500EC21}"
EndProject
Project("{9A19103F-16F7-4668-BE54-9A1E7A4F7556}") = "MyPortfolio.DBModel", "MyPortfolio.DBModel\MyPortfolio.DBModel.csproj", "{401EF2E2-228B-48B5-ACA1-8E7A115F5752}"
EndProject
Project("{2150E333-8FDC-42A3-9474-1A3956D46DE8}") = "05-Tests", "05-Tests", "{EFD558BA-D753-4F51-B3DC-AB6ABA4F95AD}"
EndProject
Project("{2150E333-8FDC-42A3-9474-1A3956D46DE8}") = "UnitTests", "UnitTests", "{C9B22A26-F560-4C49-BF26-4AD81D019C26}"
EndProject
Project("{2150E333-8FDC-42A3-9474-1A3956D46DE8}") = "IntegrationTests", "IntegrationTests", "{5CA54894-80AA-4E4D-BEB1-7CADBEFB24F7}"
EndProject
Project("{2150E333-8FDC-42A3-9474-1A3956D46DE8}") = "Data", "Data", "{4D8E53BB-2DE3-4537-8F2C-8D045A0C6819}"
EndProject
Project("{FAE04EC0-301F-11D3-BF4B-00C04F79EFBC}") = "MyPortfolio.DataGenerator", "MyPortfolio.DataGenerator\MyPortfolio.DataGenerator.csproj", "{C834CAED-2EB8-4586-8A46-7B7DB2961A0E}"
EndProject
Project("{FAE04EC0-301F-11D3-BF4B-00C04F79EFBC}") = "MyPortfolio.UserInterface", "MyPortfolio.UserInterface\MyPortfolio.UserInterface.csproj", "{20D59E52-33C9-4751-A758-62C713C2105C}"
EndProject
Project("{FAE04EC0-301F-11D3-BF4B-00C04F79EFBC}") = "MyPortfolio.Utils", "MyPortfolio.Utils\MyPortfolio.Utils.csproj", "{75C088D8-C7C5-4405-A25A-3D4B72DBE651}"
EndProject
Global
	GlobalSection(SolutionConfigurationPlatforms) = preSolution
		Debug|Any CPU = Debug|Any CPU
		Release|Any CPU = Release|Any CPU
	EndGlobalSection
	GlobalSection(ProjectConfigurationPlatforms) = postSolution
		{B8993C41-0A1F-4708-A6E4-E92787929D79}.Debug|Any CPU.ActiveCfg = Debug|Any CPU
		{B8993C41-0A1F-4708-A6E4-E92787929D79}.Debug|Any CPU.Build.0 = Debug|Any CPU
		{B8993C41-0A1F-4708-A6E4-E92787929D79}.Release|Any CPU.ActiveCfg = Release|Any CPU
		{B8993C41-0A1F-4708-A6E4-E92787929D79}.Release|Any CPU.Build.0 = Release|Any CPU
		{B36F8FB4-789F-4A31-8B86-7668B32E29E1}.Debug|Any CPU.ActiveCfg = Debug|Any CPU
		{B36F8FB4-789F-4A31-8B86-7668B32E29E1}.Debug|Any CPU.Build.0 = Debug|Any CPU
		{B36F8FB4-789F-4A31-8B86-7668B32E29E1}.Release|Any CPU.ActiveCfg = Release|Any CPU
		{B36F8FB4-789F-4A31-8B86-7668B32E29E1}.Release|Any CPU.Build.0 = Release|Any CPU
		{7362C19C-429C-4A7A-B9FA-DC383500EC21}.Debug|Any CPU.ActiveCfg = Debug|Any CPU
		{7362C19C-429C-4A7A-B9FA-DC383500EC21}.Debug|Any CPU.Build.0 = Debug|Any CPU
		{7362C19C-429C-4A7A-B9FA-DC383500EC21}.Release|Any CPU.ActiveCfg = Release|Any CPU
		{7362C19C-429C-4A7A-B9FA-DC383500EC21}.Release|Any CPU.Build.0 = Release|Any CPU
		{401EF2E2-228B-48B5-ACA1-8E7A115F5752}.Debug|Any CPU.ActiveCfg = Debug|Any CPU
		{401EF2E2-228B-48B5-ACA1-8E7A115F5752}.Debug|Any CPU.Build.0 = Debug|Any CPU
		{401EF2E2-228B-48B5-ACA1-8E7A115F5752}.Release|Any CPU.ActiveCfg = Release|Any CPU
		{401EF2E2-228B-48B5-ACA1-8E7A115F5752}.Release|Any CPU.Build.0 = Release|Any CPU
		{C834CAED-2EB8-4586-8A46-7B7DB2961A0E}.Debug|Any CPU.ActiveCfg = Debug|Any CPU
		{C834CAED-2EB8-4586-8A46-7B7DB2961A0E}.Debug|Any CPU.Build.0 = Debug|Any CPU
		{C834CAED-2EB8-4586-8A46-7B7DB2961A0E}.Release|Any CPU.ActiveCfg = Release|Any CPU
		{C834CAED-2EB8-4586-8A46-7B7DB2961A0E}.Release|Any CPU.Build.0 = Release|Any CPU
		{20D59E52-33C9-4751-A758-62C713C2105C}.Debug|Any CPU.ActiveCfg = Debug|Any CPU
		{20D59E52-33C9-4751-A758-62C713C2105C}.Debug|Any CPU.Build.0 = Debug|Any CPU
		{20D59E52-33C9-4751-A758-62C713C2105C}.Release|Any CPU.ActiveCfg = Release|Any CPU
		{20D59E52-33C9-4751-A758-62C713C2105C}.Release|Any CPU.Build.0 = Release|Any CPU
		{75C088D8-C7C5-4405-A25A-3D4B72DBE651}.Debug|Any CPU.ActiveCfg = Debug|Any CPU
		{75C088D8-C7C5-4405-A25A-3D4B72DBE651}.Debug|Any CPU.Build.0 = Debug|Any CPU
		{75C088D8-C7C5-4405-A25A-3D4B72DBE651}.Release|Any CPU.ActiveCfg = Release|Any CPU
		{75C088D8-C7C5-4405-A25A-3D4B72DBE651}.Release|Any CPU.Build.0 = Release|Any CPU
	EndGlobalSection
	GlobalSection(SolutionProperties) = preSolution
		HideSolutionNode = FALSE
	EndGlobalSection
	GlobalSection(NestedProjects) = preSolution
		{B8993C41-0A1F-4708-A6E4-E92787929D79} = {B76046C7-63C6-4CCA-B5D6-CC0870166CE8}
		{B36F8FB4-789F-4A31-8B86-7668B32E29E1} = {B76046C7-63C6-4CCA-B5D6-CC0870166CE8}
		{7362C19C-429C-4A7A-B9FA-DC383500EC21} = {BBBDF23A-32EF-45B6-AB9E-BE711EC48465}
		{401EF2E2-228B-48B5-ACA1-8E7A115F5752} = {679EDD07-7C06-4038-A56A-3C7394BEFACF}
		{C9B22A26-F560-4C49-BF26-4AD81D019C26} = {EFD558BA-D753-4F51-B3DC-AB6ABA4F95AD}
		{5CA54894-80AA-4E4D-BEB1-7CADBEFB24F7} = {EFD558BA-D753-4F51-B3DC-AB6ABA4F95AD}
		{4D8E53BB-2DE3-4537-8F2C-8D045A0C6819} = {EFD558BA-D753-4F51-B3DC-AB6ABA4F95AD}
		{C834CAED-2EB8-4586-8A46-7B7DB2961A0E} = {4D8E53BB-2DE3-4537-8F2C-8D045A0C6819}
		{20D59E52-33C9-4751-A758-62C713C2105C} = {8299D052-C7F7-46C9-85BC-E58791864740}
		{75C088D8-C7C5-4405-A25A-3D4B72DBE651} = {679EDD07-7C06-4038-A56A-3C7394BEFACF}
	EndGlobalSection
	GlobalSection(ExtensibilityGlobals) = postSolution
		SolutionGuid = {8A15EFE2-EA57-4C42-806C-4646A08E2F70}
	EndGlobalSection
EndGlobal
